Microsoft Visual Studio Solution File, Format Version 12.00
# Visual Studio Version 17
VisualStudioVersion = 17.5.2.0
MinimumVisualStudioVersion = 10.0.40219.1
Project("{FAE04EC0-301F-11D3-BF4B-00C04F79EFBC}") = "rikkei_education_service", "rikkei_education_service.csproj", "{8AF8A70F-5FC7-29DF-F0DC-AC413A281C08}"
EndProject
Global
	GlobalSection(SolutionConfigurationPlatforms) = preSolution
		Debug|Any CPU = Debug|Any CPU
		Release|Any CPU = Release|Any CPU
	EndGlobalSection
	GlobalSection(ProjectConfigurationPlatforms) = postSolution
		{8AF8A70F-5FC7-29DF-F0DC-AC413A281C08}.Debug|Any CPU.ActiveCfg = Debug|Any CPU
		{8AF8A70F-5FC7-29DF-F0DC-AC413A281C08}.Debug|Any CPU.Build.0 = Debug|Any CPU
		{8AF8A70F-5FC7-29DF-F0DC-AC413A281C08}.Release|Any CPU.ActiveCfg = Release|Any CPU
		{8AF8A70F-5FC7-29DF-F0DC-AC413A281C08}.Release|Any CPU.Build.0 = Release|Any CPU
	EndGlobalSection
	GlobalSection(SolutionProperties) = preSolution
		HideSolutionNode = FALSE
	EndGlobalSection
	GlobalSection(ExtensibilityGlobals) = postSolution
		SolutionGuid = {6BAA4E73-D50B-46ED-917C-0B87785E8873}
	EndGlobalSection
EndGlobal
